
Microsoft Visual Studio Solution File, Format Version 12.00
# Visual Studio 14
VisualStudioVersion = 14.0.22823.1
MinimumVisualStudioVersion = 10.0.40219.1
Project("{2150E333-8FDC-42A3-9474-1A3956D46DE8}") = "src", "src", "{A629AEC0-862F-42E6-8C28-0F7CA0643830}"
EndProject
Project("{2150E333-8FDC-42A3-9474-1A3956D46DE8}") = "Solution Items", "Solution Items", "{6B4F6250-22A4-4EBA-B9FA-2096A958948B}"
	ProjectSection(SolutionItems) = preProject
		global.json = global.json
	EndProjectSection
EndProject
Project("{8BB2217D-0F2D-49D1-97BC-3654ED321F3B}") = "Microsoft.AspNet.Authentication.Baidu", "src\Microsoft.AspNet.Authentication.Baidu\Microsoft.AspNet.Authentication.Baidu.xproj", "{12486D00-6929-4C59-B3B2-EC07B9870639}"
EndProject
Project("{8BB2217D-0F2D-49D1-97BC-3654ED321F3B}") = "Microsoft.AspNet.Authentication.Sina", "src\Microsoft.AspNet.Authentication.Sina\Microsoft.AspNet.Authentication.Sina.xproj", "{8BACE8C6-4B10-4B4F-9C33-3C7CA835FC67}"
EndProject
Project("{8BB2217D-0F2D-49D1-97BC-3654ED321F3B}") = "Microsoft.AspNet.Authentication.Yixin", "src\Microsoft.AspNet.Authentication.Yixin\Microsoft.AspNet.Authentication.Yixin.xproj", "{C000E5BD-4959-460F-8986-C3C3CB222D98}"
EndProject
Project("{8BB2217D-0F2D-49D1-97BC-3654ED321F3B}") = "Microsoft.AspNet.Authentication.Douban", "src\Microsoft.AspNet.Authentication.Douban\Microsoft.AspNet.Authentication.Douban.xproj", "{B502D456-78D6-4BDF-90E3-BF2379B5329B}"
EndProject
Project("{8BB2217D-0F2D-49D1-97BC-3654ED321F3B}") = "Microsoft.AspNet.Authentication.Tencent", "src\Microsoft.AspNet.Authentication.Tencent\Microsoft.AspNet.Authentication.Tencent.xproj", "{330AE64C-011C-4E4B-885C-78CE234B22B9}"
EndProject
Global
	GlobalSection(SolutionConfigurationPlatforms) = preSolution
		Debug|Any CPU = Debug|Any CPU
		Release|Any CPU = Release|Any CPU
	EndGlobalSection
	GlobalSection(ProjectConfigurationPlatforms) = postSolution
		{12486D00-6929-4C59-B3B2-EC07B9870639}.Debug|Any CPU.ActiveCfg = Debug|Any CPU
		{12486D00-6929-4C59-B3B2-EC07B9870639}.Debug|Any CPU.Build.0 = Debug|Any CPU
		{12486D00-6929-4C59-B3B2-EC07B9870639}.Release|Any CPU.ActiveCfg = Release|Any CPU
		{12486D00-6929-4C59-B3B2-EC07B9870639}.Release|Any CPU.Build.0 = Release|Any CPU
		{8BACE8C6-4B10-4B4F-9C33-3C7CA835FC67}.Debug|Any CPU.ActiveCfg = Debug|Any CPU
		{8BACE8C6-4B10-4B4F-9C33-3C7CA835FC67}.Debug|Any CPU.Build.0 = Debug|Any CPU
		{8BACE8C6-4B10-4B4F-9C33-3C7CA835FC67}.Release|Any CPU.ActiveCfg = Release|Any CPU
		{8BACE8C6-4B10-4B4F-9C33-3C7CA835FC67}.Release|Any CPU.Build.0 = Release|Any CPU
		{C000E5BD-4959-460F-8986-C3C3CB222D98}.Debug|Any CPU.ActiveCfg = Debug|Any CPU
		{C000E5BD-4959-460F-8986-C3C3CB222D98}.Debug|Any CPU.Build.0 = Debug|Any CPU
		{C000E5BD-4959-460F-8986-C3C3CB222D98}.Release|Any CPU.ActiveCfg = Release|Any CPU
		{C000E5BD-4959-460F-8986-C3C3CB222D98}.Release|Any CPU.Build.0 = Release|Any CPU
		{B502D456-78D6-4BDF-90E3-BF2379B5329B}.Debug|Any CPU.ActiveCfg = Debug|Any CPU
		{B502D456-78D6-4BDF-90E3-BF2379B5329B}.Debug|Any CPU.Build.0 = Debug|Any CPU
		{B502D456-78D6-4BDF-90E3-BF2379B5329B}.Release|Any CPU.ActiveCfg = Release|Any CPU
		{B502D456-78D6-4BDF-90E3-BF2379B5329B}.Release|Any CPU.Build.0 = Release|Any CPU
		{330AE64C-011C-4E4B-885C-78CE234B22B9}.Debug|Any CPU.ActiveCfg = Debug|Any CPU
		{330AE64C-011C-4E4B-885C-78CE234B22B9}.Debug|Any CPU.Build.0 = Debug|Any CPU
		{330AE64C-011C-4E4B-885C-78CE234B22B9}.Release|Any CPU.ActiveCfg = Release|Any CPU
		{330AE64C-011C-4E4B-885C-78CE234B22B9}.Release|Any CPU.Build.0 = Release|Any CPU
	EndGlobalSection
	GlobalSection(SolutionProperties) = preSolution
		HideSolutionNode = FALSE
	EndGlobalSection
	GlobalSection(NestedProjects) = preSolution
		{12486D00-6929-4C59-B3B2-EC07B9870639} = {A629AEC0-862F-42E6-8C28-0F7CA0643830}
		{8BACE8C6-4B10-4B4F-9C33-3C7CA835FC67} = {A629AEC0-862F-42E6-8C28-0F7CA0643830}
		{C000E5BD-4959-460F-8986-C3C3CB222D98} = {A629AEC0-862F-42E6-8C28-0F7CA0643830}
		{B502D456-78D6-4BDF-90E3-BF2379B5329B} = {A629AEC0-862F-42E6-8C28-0F7CA0643830}
		{330AE64C-011C-4E4B-885C-78CE234B22B9} = {A629AEC0-862F-42E6-8C28-0F7CA0643830}
	EndGlobalSection
EndGlobal
